
Microsoft Visual Studio Solution File, Format Version 12.00
# Visual Studio Version 17
VisualStudioVersion = 17.4.33122.133
MinimumVisualStudioVersion = 10.0.40219.1
Project("{9A19103F-16F7-4668-BE54-9A1E7A4F7556}") = "Devops", "Devops\Devops.csproj", "{EEC37189-ABE6-44F7-9301-77ED98B225EE}"
EndProject
Project("{9A19103F-16F7-4668-BE54-9A1E7A4F7556}") = "Test", "Test\Test.csproj", "{14DBDB10-D4AA-4705-B77E-49C6B721F5BB}"
EndProject
Project("{9A19103F-16F7-4668-BE54-9A1E7A4F7556}") = "Infraestrutura.Api", "Infraestrutura.Api\Infraestrutura.Api.csproj", "{3DD77AB0-172A-4AD1-9942-C3DCA44E6218}"
EndProject
Project("{9A19103F-16F7-4668-BE54-9A1E7A4F7556}") = "Catalogo.Notifications.API", "Catalogo.Notifications.API\Catalogo.Notifications.API.csproj", "{B0045615-28A4-431B-BA86-A2E1011D788D}"
EndProject
Project("{FAE04EC0-301F-11D3-BF4B-00C04F79EFBC}") = "Catalogo.Infra", "Catalogo.Infra\Catalogo.Infra.csproj", "{56768C2D-8244-4AD0-B43A-BEFB38480A0B}"
EndProject
Global
	GlobalSection(SolutionConfigurationPlatforms) = preSolution
		Debug|Any CPU = Debug|Any CPU
		Release|Any CPU = Release|Any CPU
	EndGlobalSection
	GlobalSection(ProjectConfigurationPlatforms) = postSolution
		{EEC37189-ABE6-44F7-9301-77ED98B225EE}.Debug|Any CPU.ActiveCfg = Debug|Any CPU
		{EEC37189-ABE6-44F7-9301-77ED98B225EE}.Debug|Any CPU.Build.0 = Debug|Any CPU
		{EEC37189-ABE6-44F7-9301-77ED98B225EE}.Release|Any CPU.ActiveCfg = Release|Any CPU
		{EEC37189-ABE6-44F7-9301-77ED98B225EE}.Release|Any CPU.Build.0 = Release|Any CPU
		{14DBDB10-D4AA-4705-B77E-49C6B721F5BB}.Debug|Any CPU.ActiveCfg = Debug|Any CPU
		{14DBDB10-D4AA-4705-B77E-49C6B721F5BB}.Debug|Any CPU.Build.0 = Debug|Any CPU
		{14DBDB10-D4AA-4705-B77E-49C6B721F5BB}.Release|Any CPU.ActiveCfg = Release|Any CPU
		{14DBDB10-D4AA-4705-B77E-49C6B721F5BB}.Release|Any CPU.Build.0 = Release|Any CPU
		{3DD77AB0-172A-4AD1-9942-C3DCA44E6218}.Debug|Any CPU.ActiveCfg = Debug|Any CPU
		{3DD77AB0-172A-4AD1-9942-C3DCA44E6218}.Debug|Any CPU.Build.0 = Debug|Any CPU
		{3DD77AB0-172A-4AD1-9942-C3DCA44E6218}.Release|Any CPU.ActiveCfg = Release|Any CPU
		{3DD77AB0-172A-4AD1-9942-C3DCA44E6218}.Release|Any CPU.Build.0 = Release|Any CPU
		{B0045615-28A4-431B-BA86-A2E1011D788D}.Debug|Any CPU.ActiveCfg = Debug|Any CPU
		{B0045615-28A4-431B-BA86-A2E1011D788D}.Debug|Any CPU.Build.0 = Debug|Any CPU
		{B0045615-28A4-431B-BA86-A2E1011D788D}.Release|Any CPU.ActiveCfg = Release|Any CPU
		{B0045615-28A4-431B-BA86-A2E1011D788D}.Release|Any CPU.Build.0 = Release|Any CPU
		{56768C2D-8244-4AD0-B43A-BEFB38480A0B}.Debug|Any CPU.ActiveCfg = Debug|Any CPU
		{56768C2D-8244-4AD0-B43A-BEFB38480A0B}.Debug|Any CPU.Build.0 = Debug|Any CPU
		{56768C2D-8244-4AD0-B43A-BEFB38480A0B}.Release|Any CPU.ActiveCfg = Release|Any CPU
		{56768C2D-8244-4AD0-B43A-BEFB38480A0B}.Release|Any CPU.Build.0 = Release|Any CPU
	EndGlobalSection
	GlobalSection(SolutionProperties) = preSolution
		HideSolutionNode = FALSE
	EndGlobalSection
	GlobalSection(ExtensibilityGlobals) = postSolution
		SolutionGuid = {8725E429-AF8D-4B60-AD26-5D920DFFC421}
	EndGlobalSection
EndGlobal
